
Microsoft Visual Studio Solution File, Format Version 12.00
# Visual Studio 15
VisualStudioVersion = 15.0.27428.2005
MinimumVisualStudioVersion = 10.0.40219.1
Project("{FAE04EC0-301F-11D3-BF4B-00C04F79EFBC}") = "Medical treatment", "Medical treatment\Medical treatment.csproj", "{9A09D032-D9C8-4C0D-AE1D-794D623790CB}"
EndProject
Global
	GlobalSection(SolutionConfigurationPlatforms) = preSolution
		Debug|Any CPU = Debug|Any CPU
		Release|Any CPU = Release|Any CPU
	EndGlobalSection
	GlobalSection(ProjectConfigurationPlatforms) = postSolution
		{9A09D032-D9C8-4C0D-AE1D-794D623790CB}.Debug|Any CPU.ActiveCfg = Debug|Any CPU
		{9A09D032-D9C8-4C0D-AE1D-794D623790CB}.Debug|Any CPU.Build.0 = Debug|Any CPU
		{9A09D032-D9C8-4C0D-AE1D-794D623790CB}.Release|Any CPU.ActiveCfg = Release|Any CPU
		{9A09D032-D9C8-4C0D-AE1D-794D623790CB}.Release|Any CPU.Build.0 = Release|Any CPU
	EndGlobalSection
	GlobalSection(SolutionProperties) = preSolution
		HideSolutionNode = FALSE
	EndGlobalSection
	GlobalSection(ExtensibilityGlobals) = postSolution
		SolutionGuid = {5C61FC1B-6231-446C-BD5C-F02E7E3FA2A2}
	EndGlobalSection
EndGlobal
